lockfileVersion: '9.0'

settings:
  autoInstallPeers: true
  excludeLinksFromLockfile: false

importers:

  .:
    dependencies:
      better-auth:
        specifier: ^1.6.29
        version: 1.6.29(next@16.3.1(@playwright/test@1.62.1)(@types/node@24.3.0)(react-dom@19.2.8(react@19.2.8))(react@19.2.8))(pg@8.23.0)(react-dom@19.2.8(react@19.2.8))(react@19.2.8)
      next:
        specifier: 16.3.1
        version: 16.3.1(@playwright/test@1.62.1)(@types/node@24.3.0)(react-dom@19.2.8(react@19.2.8))(react@19.2.8)
      pg:
        specifier: ^8.23.0
        version: 8.23.0
      react:
        specifier: 19.2.8
        version: 19.2.8
      react-dom:
        specifier: 19.2.8
        version: 19.2.8(react@19.2.8)
      scheduler:
        specifier: 0.27.0
        version: 0.27.0
      server-only:
        specifier: ^0.0.1
        version: 0.0.1
    devDependencies:
      '@playwright/test':
        specifier: ^1.62.1
        version: 1.62.1
      '@types/node':
        specifier: 24.3.0
        version: 24.3.0
      '@types/pg':
        specifier: ^8.21.0
        version: 8.21.0
      '@types/react':
        specifier: 19.1.11
        version: 19.1.11
      '@types/react-dom':
        specifier: 19.1.7
        version: 19.1.7(@types/react@19.1.11)
      axe-core:
        specifier: ^4.13.0
        version: 4.13.0
      selfsigned:
        specifier: ^5.5.0
        version: 5.5.0
      typescript:
        specifier: 5.9.2
        version: 5.9.2

packages:

  '@better-auth/core@1.6.29':
    resolution: {integrity: sha512-hkUxePo548G0Y247had36TcfsH7E+cofcTc2UivMAbjkdLPKn1ZUk6Pjkc/kvk9xTbWYCUDX6JA9emJc0Gnufg==}
    peerDependencies:
      '@better-auth/utils': 0.4.2
      '@better-fetch/fetch': 1.3.1
      '@cloudflare/workers-types': '>=4'
      '@opentelemetry/api': ^1.9.0
      better-call: 1.4.0
      jose: ^6.1.0
      kysely: ^0.28.5 || ^0.29.0
      nanostores: ^1.0.1
    peerDependenciesMeta:
      '@cloudflare/workers-types':
        optional: true
      '@opentelemetry/api':
        optional: true

  '@better-auth/drizzle-adapter@1.6.29':
    resolution: {integrity: sha512-IdvrqHnnRNKqz6KOSII3rZNiTzv1pmVmx5xGRGZdVm8W3OYi98an5kIovao/b3GZh2nHGTzdeTfMSSZNCyGXBg==}
    peerDependencies:
      '@better-auth/core': ^1.6.29
      '@better-auth/utils': 0.4.2
      drizzle-orm: ^0.45.2
    peerDependenciesMeta:
      drizzle-orm:
        optional: true

  '@better-auth/kysely-adapter@1.6.29':
    resolution: {integrity: sha512-n87hHC/miSaUaKdnQygz+2wlj2KI2rsGazDPaKF0wbH8i87um9HPDWyz3VdbkqPN79e0qbVfMR9pY7GZQm/X8w==}
    peerDependencies:
      '@better-auth/core': ^1.6.29
      '@better-auth/utils': 0.4.2
      kysely: ^0.28.17 || ^0.29.0
    peerDependenciesMeta:
      kysely:
        optional: true

  '@better-auth/memory-adapter@1.6.29':
    resolution: {integrity: sha512-F1yLUbNTc/pikEaTlgWOgYlT2RDSi2dV1ysWxacRmQhYtLGYAun1JgU7TDdcEjts+wrLcm+JzRzt5F+ZgNfz9A==}
    peerDependencies:
      '@better-auth/core': ^1.6.29
      '@better-auth/utils': 0.4.2

  '@better-auth/mongo-adapter@1.6.29':
    resolution: {integrity: sha512-gyOpfBBCpe2wDnv9CY2T0jirC4oTqk3i5svWYBGkGTAFrKsfJA516NMOs001PiHsEDf/JttZapQv5dkoPD0x2w==}
    peerDependencies:
      '@better-auth/core': ^1.6.29
      '@better-auth/utils': 0.4.2
      mongodb: ^6.0.0 || ^7.0.0
    peerDependenciesMeta:
      mongodb:
        optional: true

  '@better-auth/prisma-adapter@1.6.29':
    resolution: {integrity: sha512-W5lr8AYXwa68qhS7PEpEsisF7ASs9rWJyczoZr8+vYypPBmGMq1Yf8bYJ9ig95zj1wdaQGim2ZSYs8hxZeaKVQ==}
    peerDependencies:
      '@better-auth/core': ^1.6.29
      '@better-auth/utils': 0.4.2
      '@prisma/client': ^5.0.0 || ^6.0.0 || ^7.0.0
      prisma: ^5.0.0 || ^6.0.0 || ^7.0.0
    peerDependenciesMeta:
      '@prisma/client':
        optional: true
      prisma:
        optional: true

  '@better-auth/telemetry@1.6.29':
    resolution: {integrity: sha512-zW1GRIBR/sn83siG+xK4ll/gzfTRxVh6rcpzzjYkR2W9/DkDMwEotl/Mz8OW0Gr2KpuhEkfwiVGH9zp/cyK4Pg==}
    peerDependencies:
      '@better-auth/core': ^1.6.29
      '@better-auth/utils': 0.4.2
      '@better-fetch/fetch': 1.3.1

  '@better-auth/utils@0.4.2':
    resolution: {integrity: sha512-AUxrvu+HaaODsUyzDxFgwd/8RZ1yZaYo42LXKSrU2oGgR38pS1ij8nqQKNgtTWoYGpNevNXtCfgTy6loHveW9A==}

  '@better-auth/utils@0.5.0':
    resolution: {integrity: sha512-BL8W4EfIZFwlu0r54m3v1ztjDhu6dDe/amLTm0xybmbZaNgYUqhD3SjpAsnq0q8YD6/ki4iwIgxJNLP/N3TxiA==}

  '@better-fetch/fetch@1.3.1':
    resolution: {integrity: sha512-ABkD1WhyfPZprKRQI3bhATjeiFuNWC9PXhfGWqL+sg/gKrM977oFrYkdb4msM3hgUGonr7KlOsOFT5TU2rht9g==}

  '@emnapi/runtime@1.11.3':
    resolution: {integrity: sha512-Xz4Tpyki7XyrpbUK1jR1AhdAdaXyhhY4lZ3neLodmhpuWfy2PAQN5B46sAiU4liOXGLkHypn/qU+jvfWSCYYLA==}

  '@img/colour@1.1.0':
    resolution: {integrity: sha512-Td76q7j57o/tLVdgS746cYARfSyxk8iEfRxewL9h4OMzYhbW4TAcppl0mT4eyqXddh6L/jwoM75mo7ixa/pCeQ==}
    engines: {node: '>=18'}

  '@img/sharp-darwin-arm64@0.35.3':
    resolution: {integrity: sha512-RMnFX7YQsMoh7lWfcM4NEHHymBX/rLuKNPVM84XE9ONPcaSCDgE7CHIHpSgPcO2xcRthgBy1HfNO319mwhIAkg==}
    engines: {node: '>=20.9.0'}
    cpu: [arm64]
    os: [darwin]

  '@img/sharp-darwin-x64@0.35.3':
    resolution: {integrity: sha512-Xo+5uFBtLN0BKqieTxiFzFPQAUlBbbH5iBKyRX/z1JrbnYsHTfKJnUfL8+p2TPXr1pXqao4eeL4Rl144uDpK9w==}
    engines: {node: '>=20.9.0'}
    cpu: [x64]
    os: [darwin]

  '@img/sharp-freebsd-wasm32@0.35.3':
    resolution: {integrity: sha512-lUxcqWIj2wMQ9BrwNjngcr1gWUr5xgaGThBRqPPalIC2n67Cqj1uPh8NnA/ZhAg8hUbKl+kVHKwgUIwe6ZYPrg==}
    engines: {node: '>=20.9.0'}
    os: [freebsd]

  '@img/sharp-libvips-darwin-arm64@1.3.2':
    resolution: {integrity: sha512-9J6ypZFpQBj4YnePGoq/S38w6nz+vqg5WZLrLGY4YuSemdMq47GMLBPO42MzwdGwpg/agZ7xzZcFHa48xlywfg==}
    cpu: [arm64]
    os: [darwin]

  '@img/sharp-libvips-darwin-x64@1.3.2':
    resolution: {integrity: sha512-m2pW1n6cns9VaubNwsZ+c3CRYjxNQWgJ5gPlnL1nbBcpkBvFm6SCFN5o0psFHI8w9n11NKhFkeEDns98tiqbEw==}
    cpu: [x64]
    os: [darwin]

  '@img/sharp-libvips-linux-arm64@1.3.2':
    resolution: {integrity: sha512-dqVSFynCox4C/J8kT16V7SIFAns0IjgLwkvYT7p8LQVmJ5OS5b6tI9IGflxTeuBS//zXeFIUbwt5dwxyZ17cnA==}
    cpu: [arm64]
    os: [linux]
    libc: [glibc]

  '@img/sharp-libvips-linux-arm@1.3.2':
    resolution: {integrity: sha512-1eMLzy92I4J6rmi4mAT8yC3HxOtniyGELlzGbNMLLeqe052ahFQ0h6LFq+lh5DsDIdYViIDst08abvSbcEdLXQ==}
    cpu: [arm]
    os: [linux]
    libc: [glibc]

  '@img/sharp-libvips-linux-ppc64@1.3.2':
    resolution: {integrity: sha512-3z0NHDxD6n5I9gc05U1eW1AyRm+Gznzq3naMrthPNqE6oYykcogW0l/jfpJdjYnuNl8R7yI9pNbE1XiUeyq0Aw==}
    cpu: [ppc64]
    os: [linux]
    libc: [glibc]

  '@img/sharp-libvips-linux-riscv64@1.3.2':
    resolution: {integrity: sha512-bsb4rI+NldGOsXuej2r8OdSS8+zXDVaCWxyWrcv6kneTOlgAHtZABRzBBCwdsPiD90J4myNJuHpg6kA20ImW/w==}
    cpu: [riscv64]
    os: [linux]
    libc: [glibc]

  '@img/sharp-libvips-linux-s390x@1.3.2':
    resolution: {integrity: sha512-/ABshyj8gCpyIrNXnHn4LorDJ0HHm1VhXPBlxZ8zAtfVPAaSafXPGn+sUSIRiwaSBy0mmFjSjiXI5mkcwdChKQ==}
    cpu: [s390x]
    os: [linux]
    libc: [glibc]

  '@img/sharp-libvips-linux-x64@1.3.2':
    resolution: {integrity: sha512-ITPEtgffGJ0S6G9dRyw/366tJQqFRcHWPHhC+Stpg3Z8AEMrDrTr2lhdz4f/Y/HMbRh//7Z5mBzEpVdi62Oc3w==}
    cpu: [x64]
    os: [linux]
    libc: [glibc]

  '@img/sharp-libvips-linuxmusl-arm64@1.3.2':
    resolution: {integrity: sha512-zE9EdiUzUmg5mDT5a1rk5fYJ6GWPloTwWBYDS14naqHsL+EaMpDj1AWnpLgh3u0YCORv2Tt50wrcrpYqkP97Kw==}
    cpu: [arm64]
    os: [linux]
    libc: [musl]

  '@img/sharp-libvips-linuxmusl-x64@1.3.2':
    resolution: {integrity: sha512-m0lrLiUt+lBYnCFr8qV/65yMR4E/c7/wf78I5eKTdkEakFAlZ9QlzEM3QIhhAwVeUhLAHLcCq7a7Vszq/oFNZQ==}
    cpu: [x64]
    os: [linux]
    libc: [musl]

  '@img/sharp-linux-arm64@0.35.3':
    resolution: {integrity: sha512-QgKDspHPnrU+GQ55XPhGwyhC8acLVOOSyAvo1oVfFmrIXLkDNmGWzAfDZ4xK8oSA1qBQrALcHX0G5UZni/SuFQ==}
    engines: {node: '>=20.9.0'}
    cpu: [arm64]
    os: [linux]
    libc: [glibc]

  '@img/sharp-linux-arm@0.35.3':
    resolution: {integrity: sha512-affVWCTLooy8TSxbDx2qkzuDeaWLNVBA+P//FNBirHsXpP2fuBhk5AuboYUnrDnzoXes8GFjpTx0SBFOCRg+FA==}
    engines: {node: '>=20.9.0'}
    cpu: [arm]
    os: [linux]
    libc: [glibc]

  '@img/sharp-linux-ppc64@0.35.3':
    resolution: {integrity: sha512-sMd8rDxmpLOwv/7N44klFjOD5DUO7FLdjiXDI0hoxYaf7Ar262dQIEkosE98bps+5HPLtp/EvNqeqQtOycP/IA==}
    engines: {node: '>=20.9.0'}
    cpu: [ppc64]
    os: [linux]
    libc: [glibc]

  '@img/sharp-linux-riscv64@0.35.3':
    resolution: {integrity: sha512-0Eob78yjlYPfL5vMNWAW55l3R9Y6BQS/gOfe0ZcP9mEz9ohhKSt4im1hayiknXgf8AWrFqMvJcKIdmLmEe7yeQ==}
    engines: {node: '>=20.9.0'}
    cpu: [riscv64]
    os: [linux]
    libc: [glibc]

  '@img/sharp-linux-s390x@0.35.3':
    resolution: {integrity: sha512-KgAxQ0DxpNOq1rG2t5cgTgShJFGSuU7XO45cqC+1NVOuZnP6tlgZRuSYOfNupGkHID0o3cJOsw4DVeJpMovcGw==}
    engines: {node: '>=20.9.0'}
    cpu: [s390x]
    os: [linux]
    libc: [glibc]

  '@img/sharp-linux-x64@0.35.3':
    resolution: {integrity: sha512-8pqvxubL2PGdhlPy6GLqzDYMUjyRmKAwKHYKixpdJYBUK7PJ0C029XdsnpFIdgRZG68fZiGdHVWcKPvtiPB4cA==}
    engines: {node: '>=20.9.0'}
    cpu: [x64]
    os: [linux]
    libc: [glibc]

  '@img/sharp-linuxmusl-arm64@0.35.3':
    resolution: {integrity: sha512-Vz0iQjzzcSX3HCbfwFfCSG/9SCIqyO0mH2sXyiHaAYfBk0cRsCWXRyQYX0ovCK/PAQBbTzQ0dsPQHh5MAFL59w==}
    engines: {node: '>=20.9.0'}
    cpu: [arm64]
    os: [linux]
    libc: [musl]

  '@img/sharp-linuxmusl-x64@0.35.3':
    resolution: {integrity: sha512-6O1NPKcDVj9QEdg7Hx549EX8U0rp6yXQERqru6yRN7fGBn32UvIRJUlWnk+8xDCiG76hXVBbX82NZ/ZKr0euIg==}
    engines: {node: '>=20.9.0'}
    cpu: [x64]
    os: [linux]
    libc: [musl]

  '@img/sharp-wasm32@0.35.3':
    resolution: {integrity: sha512-cZ0XkcYGpHZkqW6iCkqTcmUC0CD9DhD5d/qeZlZkfRBn6GnHniZXLUo5+9xw8Iv76YE6LQFN9YNBlKREcCG76w==}
    engines: {node: '>=20.9.0'}

  '@img/sharp-webcontainers-wasm32@0.35.3':
    resolution: {integrity: sha512-2rnq7bX3NzeR2T4YWgz8qiG4h3TSdMe+vN1iQXpJleSJ3SM5zQ8Fy2SyyXAWlbxpEZ2Y+Z4u1BePgJEYbSy80Q==}
    engines: {node: '>=20.9.0'}
    cpu: [wasm32]

  '@img/sharp-win32-arm64@0.35.3':
    resolution: {integrity: sha512-4bPwFdMbeC4JQ8L8LOyWp6nsHcboP5fxkp6iPOXz2Vg49R42TuMs2whkJ5OAP4/Ul035qOzy0AecOF9VOscn4w==}
    engines: {node: '>=20.9.0'}
    cpu: [arm64]
    os: [win32]

  '@img/sharp-win32-ia32@0.35.3':
    resolution: {integrity: sha512-r53mXsBN6lFUDiST764SvgwUdHAqM4rPAiDzAmf4fLoB6X/rkfyTrLCg6+g17wJJiCmB3JYgHuUldCWUIRFSXw==}
    engines: {node: ^20.9.0}
    cpu: [ia32]
    os: [win32]

  '@img/sharp-win32-x64@0.35.3':
    resolution: {integrity: sha512-D4y1vNeZrIIJCN+uHaWVtH86B+aCrdMYYjicy9pXHvbGZeGYLLSd3wdVuC37FxVXlU1ARsk84eKWfWMXGYEqvA==}
    engines: {node: '>=20.9.0'}
    cpu: [x64]
    os: [win32]

  '@next/env@16.3.1':
    resolution: {integrity: sha512-35G3xwkQUb2oETSDjFXGrVugknoayLFBh7vSE+yAcl9IP2zT9wyGwq7297AYHR11kJld807t5f8AJBs6WBzXsQ==}

  '@next/swc-darwin-arm64@16.3.1':
    resolution: {integrity: sha512-ABMIu2zQ7cnNIHm5ivKGwZwUrm0pAai3yiJ/gK/rF1c1VP9UOnj7XECbMKFdVKp9I9eMYq9NoDs1WXOoowxzJw==}
    engines: {node: '>= 10'}
    cpu: [arm64]
    os: [darwin]

  '@next/swc-darwin-x64@16.3.1':
    resolution: {integrity: sha512-gNG21e/UnrroeScbY/QndUEdl0mF1FRibW7BBeYUz/5ABCepjqDdEdgr592vpzMtCn/m7FTjYq3TN4TpyDnutw==}
    engines: {node: '>= 10'}
    cpu: [x64]
    os: [darwin]

  '@next/swc-linux-arm64-gnu@16.3.1':
    resolution: {integrity: sha512-6B6Lw016iwNUQuaJoraMMTLh6TwHzFUtxipSScD1F3YyymcrRWkobodRS2ftIOkF5vrs4zNlyUrTC5YZQ9Lz5w==}
    engines: {node: '>= 10'}
    cpu: [arm64]
    os: [linux]
    libc: [glibc]

  '@next/swc-linux-arm64-musl@16.3.1':
    resolution: {integrity: sha512-JUiPXZKK9wOhjf4MgDiH29GZLxfqOesbLtHq2pDxwH/WwscTRV2ToymnOTh1egzaZf0ueUf8T2+CeYTGHjW0Iw==}
    engines: {node: '>= 10'}
    cpu: [arm64]
    os: [linux]
    libc: [musl]

  '@next/swc-linux-x64-gnu@16.3.1':
    resolution: {integrity: sha512-Uog9jsrmIRIL/lfvIp9htmskSNC7JcQsMVucXL2V2YY1y/D9IUN3LPEafqy0zRJ2cIU1SQ0V6F6TlffQ+pLAGg==}
    engines: {node: '>= 10'}
    cpu: [x64]
    os: [linux]
    libc: [glibc]

  '@next/swc-linux-x64-musl@16.3.1':
    resolution: {integrity: sha512-6yy3FT13KgUFOj5H8bl8w/6nKiJwHIvbtwh1V+1acsu+7y4tJjnemSa6mhsh53BeoVrlozE+fMgZhXH46WmjMA==}
    engines: {node: '>= 10'}
    cpu: [x64]
    os: [linux]
    libc: [musl]

  '@next/swc-win32-arm64-msvc@16.3.1':
    resolution: {integrity: sha512-iOoN1QecUoGNZik536U/vtK43YwgyrCsGIkth52yIkl612n+0C9MjSnJbQAikISpb+WYRooBVhaDlUW7iZoKog==}
    engines: {node: '>= 10'}
    cpu: [arm64]
    os: [win32]

  '@next/swc-win32-x64-msvc@16.3.1':
    resolution: {integrity: sha512-d/k+PpAriUPaeMJJOG7HUSdqfEX46FEPWU1p3/nm2ACmXhj9hFEWdFODUBIpkuijXYkfL90qZzTqVPRp4BW/hw==}
    engines: {node: '>= 10'}
    cpu: [x64]
    os: [win32]

  '@noble/ciphers@2.3.0':
    resolution: {integrity: sha512-Clu/xdfgVTf9o7ngLOURaxePwR0j8sjclKEtVij10/jGulwFsPWCvvRgG/XjUVf8Nei+jLG6uwyXzUTGY1DQrw==}
    engines: {node: '>= 20.19.0'}

  '@noble/hashes@1.4.0':
    resolution: {integrity: sha512-V1JJ1WTRUqHHrOSh597hURcMqVKVGL/ea3kv0gSnEdsEZ0/+VyPghM1lMNGc00z7CIQorSvbKpuJkxvuHbvdbg==}
    engines: {node: '>= 16'}

  '@noble/hashes@2.3.0':
    resolution: {integrity: sha512-oN+QwyX7VSHotibwubG3kpzbwKrfnyR6OOO+3Nk/53ADL7FmgHHz4TgrbaYKvvOw09u6QTx0oiH1cNCIOuN0CQ==}
    engines: {node: '>= 20.19.0'}

  '@opentelemetry/semantic-conventions@1.43.0':
    resolution: {integrity: sha512-eSYWTm620tTk45EKSedaUL8MFYI8hW164hIXsgIHyxu3VobUB3fFCu5t0hQby6OoWRPsG1KkKUG2M5UadiLiVg==}
    engines: {node: '>=14'}

  '@peculiar/asn1-cms@2.9.3':
    resolution: {integrity: sha512-N3POfw5RA7efAliAATiudtmvKQqukVEOzrMQuqQY/us2EPKczMy2WiecLt1SX6s3b0OwcFaPUXGF6uIYlBUTbg==}

  '@peculiar/asn1-csr@2.9.3':
    resolution: {integrity: sha512-E9zYmC5mk7eiDKqQAOsZGrJ7mUCIDC0031s4Nsl7dj1Za5EBKcHVqY+1vD/a4xbk480PGqvi455W2b4FeHRJ8Q==}

  '@peculiar/asn1-ecc@2.9.3':
    resolution: {integrity: sha512-4xmeZiZ46VI2qGbiZPzdv6p9IhMtjWdbwZf3VCgN8OAVcued60ej5Ki2FF94srVH4Ot/h45Co7T5C/fpQXP4rA==}

  '@peculiar/asn1-pfx@2.9.3':
    resolution: {integrity: sha512-Nzwoj+fRr1XB9CQuc4AanUuvQ3OIXAY+ngZIYP+eZUqd+Sonj+ZHTnrg+egQuUJ64/iMi9HFPN04MokGrFTK0w==}

  '@peculiar/asn1-pkcs8@2.9.3':
    resolution: {integrity: sha512-ecGZpkY6Lq5bSgTFU+LS74WjawzDgjWHcjFMVNPH/1C0j53Xi9dmLcPMdmZyk8gdsd2RKeV1fP9EbLB6W6zZ1g==}

  '@peculiar/asn1-pkcs9@2.9.3':
    resolution: {integrity: sha512-yjWVrQEmPp2y9lWjLLE28BRHbt7wYdwWvwXjFgNuekP9mDD/ofz31muVI8qOg2as7XZs1bZIZGPPnJ/0osTClQ==}

  '@peculiar/asn1-rsa@2.9.3':
    resolution: {integrity: sha512-t7m3e9p/Gf9YoMM+hLsHUqB+NhOlifiOkENAIG4RV2BFWVGTATVzbXoR8L0EgNWpiriPaeIjBCS5B9PTtkaxQw==}

  '@peculiar/asn1-schema@2.9.3':
    resolution: {integrity: sha512-SOux4+jikCnOwoJvpBp/grOqzFmJPnNSwe3sAg1Bn93YdmCiDtvolZifJIhiRq0UWMTnLRPj9/ZCMAc2W9VsMQ==}

  '@peculiar/asn1-x509-attr@2.9.3':
    resolution: {integrity: sha512-v5Oa6p7hCT3ONqYHQyTFQYcycD06eMhHbr0m7evpvPQSpWJIq8GgbdnvA9bVGTUlOx6KOeDrX7Z0W4s/yboNTg==}

  '@peculiar/asn1-x509@2.9.3':
    resolution: {integrity: sha512-HE+ejy9dX9JP3yLL6CGYoWym4Cted1lGXH7DxsbNDGiq8KabwVR7mzYidwsyNZ/m0hNWjiS+dzSwrsgMB/OIaQ==}

  '@peculiar/utils@2.0.3':
    resolution: {integrity: sha512-+oL3HPFRIZ1St2K50lWCXiioIgSoxzz7R1J3uF6neO2yl1sgmpgY6XXJH4BdpoDkMWznQTeYF6oWNDZLCdQ4eQ==}

  '@peculiar/x509@1.14.3':
    resolution: {integrity: sha512-C2Xj8FZ0uHWeCXXqX5B4/gVFQmtSkiuOolzAgutjTfseNOHT3pUjljDZsTSxXFGgio54bCzVFqmEOUrIVk8RDA==}
    engines: {node: '>=20.0.0'}

  '@playwright/test@1.62.1':
    resolution: {integrity: sha512-DTcUc8qii+cpHvtOwggMtBRMjKZHXYWdw8syRYu2vtzuq4Wxphqq4NfCs5Zt44L6mA8rfDfj+PHnxFc/FeK6mQ==}
    engines: {node: '>=20'}
    hasBin: true

  '@standard-schema/spec@1.1.0':
    resolution: {integrity: sha512-l2aFy5jALhniG5HgqrD6jXLi/rUWrKvqN/qJx6yoJsgKhblVd+iqqU4RCXavm/jPityDo5TCvKMnpjKnOriy0w==}

  '@swc/helpers@0.5.23':
    resolution: {integrity: sha512-5lSsMOTXURePglDfvuAQUqkGek9Hg2kksOYay2m0+XR++b2NWYL/4sWyuvVBIs8oKnJaxkdi9whaL/sqN13afw==}

  '@types/node@24.3.0':
    resolution: {integrity: sha512-aPTXCrfwnDLj4VvXrm+UUCQjNEvJgNA8s5F1cvwQU+3KNltTOkBm1j30uNLyqqPNe7gE3KFzImYoZEfLhp4Yow==}

  '@types/pg@8.21.0':
    resolution: {integrity: sha512-AYdtudzabjLZgVgRZmAnU8bAnVUXzuJX2IYHeSIiIHm68olD+LgQYCGWdtcNYnP0uq9c4S4NibVG3Ni7VbKW7Q==}

  '@types/react-dom@19.1.7':
    resolution: {integrity: sha512-i5ZzwYpqjmrKenzkoLM2Ibzt6mAsM7pxB6BCIouEVVmgiqaMj1TjaK7hnA36hbW5aZv20kx7Lw6hWzPWg0Rurw==}
    peerDependencies:
      '@types/react': ^19.0.0

  '@types/react@19.1.11':
    resolution: {integrity: sha512-lr3jdBw/BGj49Eps7EvqlUaoeA0xpj3pc0RoJkHpYaCHkVK7i28dKyImLQb3JVlqs3aYSXf7qYuWOW/fgZnTXQ==}

  asn1js@3.0.10:
    resolution: {integrity: sha512-S2s3aOytiKdFRdulw2qPE51MzjzVOisppcVv7jVFR+Kw0kxwvFrDcYA0h7Ndqbmj0HkMIXYWaoj7fli8kgx1eg==}
    engines: {node: '>=12.0.0'}

  axe-core@4.13.0:
    resolution: {integrity: sha512-UzGt8zg7Ny8djbYMhxl2zuEevVa7r2gJjYY5Lwr1xM7+XU2nd6CkIWFTVcCIbAP63vSz71NaVyyuSk9lHKcy0A==}
    engines: {node: '>=4'}

  baseline-browser-mapping@2.11.14:
    resolution: {integrity: sha512-JyJ954WzuIR8/FFzX0o5krdSTrBAkcCSRfWSleRsIHSWV+cZe2FI1PKggVkFke1hBldRs+LRxUczzE9iPmgZww==}
    engines: {node: '>=6.0.0'}
    hasBin: true

  better-auth@1.6.29:
    resolution: {integrity: sha512-7i2kOry+Jb1mRUR14kCDVS23GCKUGWxayZRXULbNz/6nFLPT6XSuGJVrwo/d+Qfq/iubA0/4Acw2/eg/tPCCnA==}
    peerDependencies:
      '@lynx-js/react': '*'
      '@prisma/client': ^5.0.0 || ^6.0.0 || ^7.0.0
      '@sveltejs/kit': ^2.0.0
      '@tanstack/react-start': ^1.0.0
      '@tanstack/solid-start': ^1.0.0
      better-sqlite3: ^12.0.0
      drizzle-kit: '>=0.31.4'
      drizzle-orm: ^0.45.2
      mongodb: ^6.0.0 || ^7.0.0
      mysql2: ^3.0.0
      next: ^14.0.0 || ^15.0.0 || ^16.0.0
      pg: ^8.0.0
      prisma: ^5.0.0 || ^6.0.0 || ^7.0.0
      react: ^18.0.0 || ^19.0.0
      react-dom: ^18.0.0 || ^19.0.0
      solid-js: ^1.0.0
      svelte: ^4.0.0 || ^5.0.0
      vitest: ^2.0.0 || ^3.0.0 || ^4.0.0
      vue: ^3.0.0
    peerDependenciesMeta:
      '@lynx-js/react':
        optional: true
      '@prisma/client':
        optional: true
      '@sveltejs/kit':
        optional: true
      '@tanstack/react-start':
        optional: true
      '@tanstack/solid-start':
        optional: true
      better-sqlite3:
        optional: true
      drizzle-kit:
        optional: true
      drizzle-orm:
        optional: true
      mongodb:
        optional: true
      mysql2:
        optional: true
      next:
        optional: true
      pg:
        optional: true
      prisma:
        optional: true
      react:
        optional: true
      react-dom:
        optional: true
      solid-js:
        optional: true
      svelte:
        optional: true
      vitest:
        optional: true
      vue:
        optional: true

  better-call@1.4.0:
    resolution: {integrity: sha512-bBKOT4vv1kZLDgxVePdilk/Jwkn+dtRRsmi3DzHcDP+WnswyVl6dR59l2HEeP/0cB+bDoopASAesWDPIdd/zZA==}
    peerDependencies:
      zod: ^4.0.0
    peerDependenciesMeta:
      zod:
        optional: true

  bytestreamjs@2.0.1:
    resolution: {integrity: sha512-U1Z/ob71V/bXfVABvNr/Kumf5VyeQRBEm6Txb0PQ6S7V5GpBM3w4Cbqz/xPDicR5tN0uvDifng8C+5qECeGwyQ==}
    engines: {node: '>=6.0.0'}

  caniuse-lite@1.0.30001809:
    resolution: {integrity: sha512-xxWVywk6a6Arlk+hymeycyn/VgqEfLDxupvhH/xiY5SJ/18kmi9o6MiO320DCUzypORHLtvh0I4i04tUhCNHNQ==}

  client-only@0.0.1:
    resolution: {integrity: sha512-IV3Ou0jSMzZrd3pZ48nLkT9DA7Ag1pnPzaiQhpW7c3RbcqqzvzzVu+L8gfqMp/8IM2MQtSiqaCxrrcfu8I8rMA==}

  csstype@3.2.3:
    resolution: {integrity: sha512-z1HGKcYy2xA8AGQfwrn0PAy+PB7X/GSj3UVJW9qKyn43xWa+gl5nXmU4qqLMRzWVLFC8KusUX8T/0kCiOYpAIQ==}

  defu@6.1.7:
    resolution: {integrity: sha512-7z22QmUWiQ/2d0KkdYmANbRUVABpZ9SNYyH5vx6PZ+nE5bcC0l7uFvEfHlyld/HcGBFTL536ClDt3DEcSlEJAQ==}

  detect-libc@2.1.2:
    resolution: {integrity: sha512-Btj2BOOO83o3WyH59e8MgXsxEQVcarkUOpEYrubB0urwnN10yQ364rsiByU11nZlqWYZm05i/of7io4mzihBtQ==}
    engines: {node: '>=8'}

  fsevents@2.3.2:
    resolution: {integrity: sha512-xiqMQR4xAeHTuB9uWm+fFRcIOgKBMiOBP+eXiyT7jsgVCq1bkVygt00oASowB7EdtpOHaaPgKt812P9ab+DDKA==}
    engines: {node: ^8.16.0 || ^10.6.0 || >=11.0.0}
    os: [darwin]

  jose@6.2.8:
    resolution: {integrity: sha512-Bsdjwm3Qsd/P0jR+BHDe3LytDfY7WBq2HmCCLIwuVRHMuEC9ae7/R474GIUdF1NgCyZjzVo/A9DOiOBtXq8ZoQ==}

  kysely@0.29.5:
    resolution: {integrity: sha512-ooa+eSbBNPTo3MycPEuW5jdrxQdQwdtB3LC3h43FiXQbIry5tR0C5lDG7eealK0E4D7XjrnOP5DIUg/LyjRMYQ==}
    engines: {node: '>=22.0.0'}

  nanoid@3.3.18:
    resolution: {integrity: sha512-DTg4MJbGMWkfi6VZFdNt2/caMbQy4Ou+Op/hJQvGEWcnVfoA1QA+xzRKAzw9jD6+GVOOeYr/mIcuDSdug6F6+w==}
    engines: {node: ^10 || ^12 || ^13.7 || ^14 || >=15.0.1}
    hasBin: true

  nanostores@1.4.2:
    resolution: {integrity: sha512-Wxv8Roefr2nqtiRG0bnaFlpYqpIVtOEeJZHaH+4nGgOK1/7n6OHOuHCb/bhqrNQgZM8fyd0s1PqhdrJc9Ib44g==}
    engines: {node: ^20.0.0 || >=22.0.0}

  next@16.3.1:
    resolution: {integrity: sha512-hsAp0i7Rh+/dhe7DGIeN2YlpLM1DP4MNxti9EtDMtqcO612X81MvvEj388/oTce9U1EcEIOWDlGq0zRwrBKvuA==}
    engines: {node: '>=20.9.0'}
    hasBin: true
    peerDependencies:
      '@opentelemetry/api': ^1.1.0
      '@playwright/test': ^1.51.1
      babel-plugin-react-compiler: '*'
      react: ^18.2.0 || 19.0.0-rc-de68d2f4-20241204 || ^19.0.0
      react-dom: ^18.2.0 || 19.0.0-rc-de68d2f4-20241204 || ^19.0.0
      sass: ^1.3.0
    peerDependenciesMeta:
      '@opentelemetry/api':
        optional: true
      '@playwright/test':
        optional: true
      babel-plugin-react-compiler:
        optional: true
      sass:
        optional: true

  pg-cloudflare@1.4.0:
    resolution: {integrity: sha512-Vo7z/6rrQYxpNRylp4Tlob2elzbh+N/MOQbxFVWCxS7oEx6jF53GTJFxK2WWpKuBRkmiin4Mt+xofFDjx09R0A==}

  pg-connection-string@2.14.0:
    resolution: {integrity: sha512-XwWDGcLRGCXAR8F/AM5bG7Q+A3Wm2s6QeEjlOKZLlH3UYcguiqCWKyWXVag5TLTIjR7oOJUY8kcADaZgWPyLeg==}

  pg-int8@1.0.1:
    resolution: {integrity: sha512-WCtabS6t3c8SkpDBUlb1kjOs7l66xsGdKpIPZsg4wR+B3+u9UAum2odSsF9tnvxg80h4ZxLWMy4pRjOsFIqQpw==}
    engines: {node: '>=4.0.0'}

  pg-pool@3.14.0:
    resolution: {integrity: sha512-gKtPkFdQPU3DksooVLi9LsjZxrsBUZIpa+7aVx+LV5pNh0KzP4Zleud2po+ConrxbuXGBJ6Hfer6hdgpIBpBaw==}
    peerDependencies:
      pg: '>=8.0'

  pg-protocol@1.16.0:
    resolution: {integrity: sha512-sILXutLVjCLjcDuOmvhX5e2Z4cS5qG/6Bu3VkpFwdf/633ElGLpEh9bgmuI5I4sqKqkifQiGyiCcx1HdtrK7tg==}

  pg-types@2.2.0:
    resolution: {integrity: sha512-qTAAlrEsl8s4OiEQY69wDvcMIdQN6wdz5ojQiOy6YRMuynxenON0O5oCpJI6lshc6scgAY8qvJ2On/p+CXY0GA==}
    engines: {node: '>=4'}

  pg@8.23.0:
    resolution: {integrity: sha512-Ip2EQCngowJLGOfCwkFhPXU7/ljlhn6Rxlmy4XYfL2Y+vyRM59+8uR2xqRWKdYmbXmxCFOAmKxBuSUCdF34qLg==}
    engines: {node: '>= 16.0.0'}
    peerDependencies:
      pg-native: '>=3.0.1'
    peerDependenciesMeta:
      pg-native:
        optional: true

  pgpass@1.0.5:
    resolution: {integrity: sha512-FdW9r/jQZhSeohs1Z3sI1yxFQNFvMcnmfuj4WBMUTxOrAyLMaTcE1aAMBiTlbMNaXvBCQuVi0R7hd8udDSP7ug==}

  picocolors@1.1.1:
    resolution: {integrity: sha512-xceH2snhtb5M9liqDsmEw56le376mTZkEX/jEb/RxNFyegNul7eNslCXP9FDj/Lcu0X8KEyMceP2ntpaHrDEVA==}

  pkijs@3.4.0:
    resolution: {integrity: sha512-emEcLuomt2j03vxD54giVB4SxTjnsqkU692xZOZXHDVoYyypEm+b3jpiTcc+Cf+myooc+/Ly0z01jqeNHVgJGw==}
    engines: {node: '>=16.0.0'}

  playwright-core@1.62.1:
    resolution: {integrity: sha512-wPYSwEBJY9GHraISXqyqtx0na0LpO3XEX7jNDhntbex7tzUS7kLnZsOlFruFJB4Hi/rhDMjXGqHewDZ68nYZVw==}
    engines: {node: '>=20'}
    hasBin: true

  playwright@1.62.1:
    resolution: {integrity: sha512-0M+L3LAD8/nm554LOla9Ayx0j0tmFZ0FBcoQ7F1VuVHpM/XpiC8RcDzBQB8W5+hA8L22THxELzeF+2WcUzvcLg==}
    engines: {node: '>=20'}
    hasBin: true

  postcss@8.5.23:
    resolution: {integrity: sha512-g50586zr4bZmwFiTlflMu8E0bDTb5I5gertgwAKmsdUlTQIhZtunzUlD1WSzwcVWPoAVpsrA6vlfCD7oXvRwgg==}
    engines: {node: ^10 || ^12 || >=14}

  postgres-array@2.0.0:
    resolution: {integrity: sha512-VpZrUqU5A69eQyW2c5CA1jtLecCsN2U/bD6VilrFDWq5+5UIEVO7nazS3TEcHf1zuPYO/sqGvUvW62g86RXZuA==}
    engines: {node: '>=4'}

  postgres-bytea@1.0.1:
    resolution: {integrity: sha512-5+5HqXnsZPE65IJZSMkZtURARZelel2oXUEO8rH83VS/hxH5vv1uHquPg5wZs8yMAfdv971IU+kcPUczi7NVBQ==}
    engines: {node: '>=0.10.0'}

  postgres-date@1.0.7:
    resolution: {integrity: sha512-suDmjLVQg78nMK2UZ454hAG+OAW+HQPZ6n++TNDUX+L0+uUlLywnoxJKDou51Zm+zTCjrCl0Nq6J9C5hP9vK/Q==}
    engines: {node: '>=0.10.0'}

  postgres-interval@1.2.0:
    resolution: {integrity: sha512-9ZhXKM/rw350N1ovuWHbGxnGh/SNJ4cnxHiM0rxE4VN41wsg8P8zWn9hv/buK00RP4WvlOyr/RBDiptyxVbkZQ==}
    engines: {node: '>=0.10.0'}

  pvtsutils@1.3.6:
    resolution: {integrity: sha512-PLgQXQ6H2FWCaeRak8vvk1GW462lMxB5s3Jm673N82zI4vqtVUPuZdffdZbPDFRoU8kAhItWFtPCWiPpp4/EDg==}

  pvutils@1.2.0:
    resolution: {integrity: sha512-BbubeCEyTuQjVMakvJQ/Sxbc93F2pwmbsxONT/ZRrwU7Ua38d8unYTwXpTVLAKJ4BDuH9IGztCjQcd/N/39Dvg==}
    engines: {node: '>=16.0.0'}

  react-dom@19.2.8:
    resolution: {integrity: sha512-rVprimfGBG3DR+Tq0IQG2DT5PxKth1WIGDmj5yPmlzr4YBe7uyE+Du4oVqTDXZSHGGGXRtTJEGSSePyQCMBglQ==}
    peerDependencies:
      react: ^19.2.8

  react@19.2.8:
    resolution: {integrity: sha512-PWaYA1L/q9u2u7xYQi+Y3L3Yfnie7XyLeaJICV1MGD6LprsBxcAqGjYyr0eY3p+QdsA+x/Irkt4Qif8D63+Sbw==}
    engines: {node: '>=0.10.0'}

  reflect-metadata@0.2.2:
    resolution: {integrity: sha512-urBwgfrvVP/eAyXx4hluJivBKzuEbSQs9rKWCrCkbSxNv8mxPcUZKeuoF3Uy4mJl3Lwprp6yy5/39VWigZ4K6Q==}

  rou3@0.9.2:
    resolution: {integrity: sha512-3SOzvaAg8rkHrXtRjpCvCvbyO5to9oOO27Z/XqHEYXfMRVSw/qMIVdmaOk9W2lcRLtR6dlqTjo9hDeJk70QBYQ==}

  scheduler@0.27.0:
    resolution: {integrity: sha512-eNv+WrVbKu1f3vbYJT/xtiF5syA5HPIMtf9IgY/nKg0sWqzAUEvqY/xm7OcZc/qafLx/iO9FgOmeSAp4v5ti/Q==}

  selfsigned@5.5.0:
    resolution: {integrity: sha512-ftnu3TW4+3eBfLRFnDEkzGxSF/10BJBkaLJuBHZX0kiPS7bRdlpZGu6YGt4KngMkdTwJE6MbjavFpqHvqVt+Ew==}
    engines: {node: '>=18'}

  semver@7.8.5:
    resolution: {integrity: sha512-Y7/KDsb8LjooZpwaqGyulO6DQlksgCncchHGk+sZIY4SBvUocMBEFH5Ur1fI4dV+Jvl0w6cjvucaIi40puRioA==}
    engines: {node: '>=10'}
    hasBin: true

  server-only@0.0.1:
    resolution: {integrity: sha512-qepMx2JxAa5jjfzxG79yPPq+8BuFToHd1hm7kI+Z4zAq1ftQiP7HcxMhDDItrbtwVeLg/cY2JnKnrcFkmiswNA==}

  set-cookie-parser@3.1.2:
    resolution: {integrity: sha512-5/r/lTwbJ3zQ+qwdUFZYeRNqda7P5HD8zQKqlSjdGt1/S0cjLAphHusj4Y58ahDtWn/g32xrIS58/ikOvwl0Lw==}

  sharp@0.35.3:
    resolution: {integrity: sha512-ej0zVHuZGHCiABXcNxeYhpRnPNPAcvbG8RMdBAhDAxLKkCRVSpK3Iyu7qbqw3JMzoj0REeM6f3tJLtVwl0023Q==}
    engines: {node: '>=20.9.0'}
    peerDependencies:
      '@types/node': '*'
    peerDependenciesMeta:
      '@types/node':
        optional: true

  source-map-js@1.2.1:
    resolution: {integrity: sha512-UXWMKhLOwVKb728IUtQPXxfYU+usdybtUrK/8uGE8CQMvrhOpwvzDBwj0QhSL7MQc7vIsISBG8VQ8+IDQxpfQA==}
    engines: {node: '>=0.10.0'}

  split2@4.2.0:
    resolution: {integrity: sha512-UcjcJOWknrNkF6PLX83qcHM6KHgVKNkV62Y8a5uYDVv9ydGQVwAHMKqHdJje1VTWpljG0WYpCDhrCdAOYH4TWg==}
    engines: {node: '>= 10.x'}

  styled-jsx@5.1.6:
    resolution: {integrity: sha512-qSVyDTeMotdvQYoHWLNGwRFJHC+i+ZvdBRYosOFgC+Wg1vx4frN2/RG/NA7SYqqvKNLf39P2LSRA2pu6n0XYZA==}
    engines: {node: '>= 12.0.0'}
    peerDependencies:
      '@babel/core': '*'
      babel-plugin-macros: '*'
      react: '>= 16.8.0 || 17.x.x || ^18.0.0-0 || ^19.0.0-0'
    peerDependenciesMeta:
      '@babel/core':
        optional: true
      babel-plugin-macros:
        optional: true

  tslib@1.14.1:
    resolution: {integrity: sha512-Xni35NKzjgMrwevysHTCArtLDpPvye8zV/0E4EyYn43P7/7qvQwPh9BGkHewbMulVntbigmcT7rdX3BNo9wRJg==}

  tslib@2.8.1:
    resolution: {integrity: sha512-oJFu94HQb+KVduSUQL7wnpmqnfmLsOA/nAh6b6EH0wCEoK0/mPeXU6c3wKDV83MkOuHPRHtSXKKU99IBazS/2w==}

  tsyringe@4.10.0:
    resolution: {integrity: sha512-axr3IdNuVIxnaK5XGEUFTu3YmAQ6lllgrvqfEoR16g/HGnYY/6We4oWENtAnzK6/LpJ2ur9PAb80RBt7/U4ugw==}
    engines: {node: '>= 6.0.0'}

  typescript@5.9.2:
    resolution: {integrity: sha512-CWBzXQrc/qOkhidw1OzBTQuYRbfyxDXJMVJ1XNwUHGROVmuaeiEm3OslpZ1RV96d7SKKjZKrSJu3+t/xlw3R9A==}
    engines: {node: '>=14.17'}
    hasBin: true

  undici-types@7.10.0:
    resolution: {integrity: sha512-t5Fy/nfn+14LuOc2KNYg75vZqClpAiqscVvMygNnlsHBFpSXdJaYtXMcdNLpl/Qvc3P2cB3s6lOV51nqsFq4ag==}

  xtend@4.0.2:
    resolution: {integrity: sha512-LKYU1iAXJXUgAXn9URjiu+MWhyUXHsvfp7mcuYm9dSUKK0/CjtrUwFAxD82/mCWbtLsGjFIad0wIsod4zrTAEQ==}
    engines: {node: '>=0.4'}

  zod@4.4.3:
    resolution: {integrity: sha512-ytENFjIJFl2UwYglde2jchW2Hwm4GJFLDiSXWdTrJQBIN9Fcyp7n4DhxJEiWNAJMV1/BqWfW/kkg71UDcHJyTQ==}

snapshots:

  '@better-auth/core@1.6.29(@better-auth/utils@0.4.2)(@better-fetch/fetch@1.3.1)(better-call@1.4.0(zod@4.4.3))(jose@6.2.8)(kysely@0.29.5)(nanostores@1.4.2)':
    dependencies:
      '@better-auth/utils': 0.4.2
      '@better-fetch/fetch': 1.3.1
      '@opentelemetry/semantic-conventions': 1.43.0
      '@standard-schema/spec': 1.1.0
      better-call: 1.4.0(zod@4.4.3)
      jose: 6.2.8
      kysely: 0.29.5
      nanostores: 1.4.2
      zod: 4.4.3

  '@better-auth/drizzle-adapter@1.6.29(@better-auth/core@1.6.29(@better-auth/utils@0.4.2)(@better-fetch/fetch@1.3.1)(better-call@1.4.0(zod@4.4.3))(jose@6.2.8)(kysely@0.29.5)(nanostores@1.4.2))(@better-auth/utils@0.4.2)':
    dependencies:
      '@better-auth/core': 1.6.29(@better-auth/utils@0.4.2)(@better-fetch/fetch@1.3.1)(better-call@1.4.0(zod@4.4.3))(jose@6.2.8)(kysely@0.29.5)(nanostores@1.4.2)
      '@better-auth/utils': 0.4.2

  '@better-auth/kysely-adapter@1.6.29(@better-auth/core@1.6.29(@better-auth/utils@0.4.2)(@better-fetch/fetch@1.3.1)(better-call@1.4.0(zod@4.4.3))(jose@6.2.8)(kysely@0.29.5)(nanostores@1.4.2))(@better-auth/utils@0.4.2)(kysely@0.29.5)':
    dependencies:
      '@better-auth/core': 1.6.29(@better-auth/utils@0.4.2)(@better-fetch/fetch@1.3.1)(better-call@1.4.0(zod@4.4.3))(jose@6.2.8)(kysely@0.29.5)(nanostores@1.4.2)
      '@better-auth/utils': 0.4.2
    optionalDependencies:
      kysely: 0.29.5

  '@better-auth/memory-adapter@1.6.29(@better-auth/core@1.6.29(@better-auth/utils@0.4.2)(@better-fetch/fetch@1.3.1)(better-call@1.4.0(zod@4.4.3))(jose@6.2.8)(kysely@0.29.5)(nanostores@1.4.2))(@better-auth/utils@0.4.2)':
    dependencies:
      '@better-auth/core': 1.6.29(@better-auth/utils@0.4.2)(@better-fetch/fetch@1.3.1)(better-call@1.4.0(zod@4.4.3))(jose@6.2.8)(kysely@0.29.5)(nanostores@1.4.2)
      '@better-auth/utils': 0.4.2

  '@better-auth/mongo-adapter@1.6.29(@better-auth/core@1.6.29(@better-auth/utils@0.4.2)(@better-fetch/fetch@1.3.1)(better-call@1.4.0(zod@4.4.3))(jose@6.2.8)(kysely@0.29.5)(nanostores@1.4.2))(@better-auth/utils@0.4.2)':
    dependencies:
      '@better-auth/core': 1.6.29(@better-auth/utils@0.4.2)(@better-fetch/fetch@1.3.1)(better-call@1.4.0(zod@4.4.3))(jose@6.2.8)(kysely@0.29.5)(nanostores@1.4.2)
      '@better-auth/utils': 0.4.2

  '@better-auth/prisma-adapter@1.6.29(@better-auth/core@1.6.29(@better-auth/utils@0.4.2)(@better-fetch/fetch@1.3.1)(better-call@1.4.0(zod@4.4.3))(jose@6.2.8)(kysely@0.29.5)(nanostores@1.4.2))(@better-auth/utils@0.4.2)':
    dependencies:
      '@better-auth/core': 1.6.29(@better-auth/utils@0.4.2)(@better-fetch/fetch@1.3.1)(better-call@1.4.0(zod@4.4.3))(jose@6.2.8)(kysely@0.29.5)(nanostores@1.4.2)
      '@better-auth/utils': 0.4.2

  '@better-auth/telemetry@1.6.29(@better-auth/core@1.6.29(@better-auth/utils@0.4.2)(@better-fetch/fetch@1.3.1)(better-call@1.4.0(zod@4.4.3))(jose@6.2.8)(kysely@0.29.5)(nanostores@1.4.2))(@better-auth/utils@0.4.2)(@better-fetch/fetch@1.3.1)':
    dependencies:
      '@better-auth/core': 1.6.29(@better-auth/utils@0.4.2)(@better-fetch/fetch@1.3.1)(better-call@1.4.0(zod@4.4.3))(jose@6.2.8)(kysely@0.29.5)(nanostores@1.4.2)
      '@better-auth/utils': 0.4.2
      '@better-fetch/fetch': 1.3.1

  '@better-auth/utils@0.4.2':
    dependencies:
      '@noble/hashes': 2.3.0

  '@better-auth/utils@0.5.0':
    dependencies:
      '@noble/hashes': 2.3.0

  '@better-fetch/fetch@1.3.1': {}

  '@emnapi/runtime@1.11.3':
    dependencies:
      tslib: 2.8.1
    optional: true

  '@img/colour@1.1.0':
    optional: true

  '@img/sharp-darwin-arm64@0.35.3':
    optionalDependencies:
      '@img/sharp-libvips-darwin-arm64': 1.3.2
    optional: true

  '@img/sharp-darwin-x64@0.35.3':
    optionalDependencies:
      '@img/sharp-libvips-darwin-x64': 1.3.2
    optional: true

  '@img/sharp-freebsd-wasm32@0.35.3':
    dependencies:
      '@img/sharp-wasm32': 0.35.3
    optional: true

  '@img/sharp-libvips-darwin-arm64@1.3.2':
    optional: true

  '@img/sharp-libvips-darwin-x64@1.3.2':
    optional: true

  '@img/sharp-libvips-linux-arm64@1.3.2':
    optional: true

  '@img/sharp-libvips-linux-arm@1.3.2':
    optional: true

  '@img/sharp-libvips-linux-ppc64@1.3.2':
    optional: true

  '@img/sharp-libvips-linux-riscv64@1.3.2':
    optional: true

  '@img/sharp-libvips-linux-s390x@1.3.2':
    optional: true

  '@img/sharp-libvips-linux-x64@1.3.2':
    optional: true

  '@img/sharp-libvips-linuxmusl-arm64@1.3.2':
    optional: true

  '@img/sharp-libvips-linuxmusl-x64@1.3.2':
    optional: true

  '@img/sharp-linux-arm64@0.35.3':
    optionalDependencies:
      '@img/sharp-libvips-linux-arm64': 1.3.2
    optional: true

  '@img/sharp-linux-arm@0.35.3':
    optionalDependencies:
      '@img/sharp-libvips-linux-arm': 1.3.2
    optional: true

  '@img/sharp-linux-ppc64@0.35.3':
    optionalDependencies:
      '@img/sharp-libvips-linux-ppc64': 1.3.2
    optional: true

  '@img/sharp-linux-riscv64@0.35.3':
    optionalDependencies:
      '@img/sharp-libvips-linux-riscv64': 1.3.2
    optional: true

  '@img/sharp-linux-s390x@0.35.3':
    optionalDependencies:
      '@img/sharp-libvips-linux-s390x': 1.3.2
    optional: true

  '@img/sharp-linux-x64@0.35.3':
    optionalDependencies:
      '@img/sharp-libvips-linux-x64': 1.3.2
    optional: true

  '@img/sharp-linuxmusl-arm64@0.35.3':
    optionalDependencies:
      '@img/sharp-libvips-linuxmusl-arm64': 1.3.2
    optional: true

  '@img/sharp-linuxmusl-x64@0.35.3':
    optionalDependencies:
      '@img/sharp-libvips-linuxmusl-x64': 1.3.2
    optional: true

  '@img/sharp-wasm32@0.35.3':
    dependencies:
      '@emnapi/runtime': 1.11.3
    optional: true

  '@img/sharp-webcontainers-wasm32@0.35.3':
    dependencies:
      '@img/sharp-wasm32': 0.35.3
    optional: true

  '@img/sharp-win32-arm64@0.35.3':
    optional: true

  '@img/sharp-win32-ia32@0.35.3':
    optional: true

  '@img/sharp-win32-x64@0.35.3':
    optional: true

  '@next/env@16.3.1': {}

  '@next/swc-darwin-arm64@16.3.1':
    optional: true

  '@next/swc-darwin-x64@16.3.1':
    optional: true

  '@next/swc-linux-arm64-gnu@16.3.1':
    optional: true

  '@next/swc-linux-arm64-musl@16.3.1':
    optional: true

  '@next/swc-linux-x64-gnu@16.3.1':
    optional: true

  '@next/swc-linux-x64-musl@16.3.1':
    optional: true

  '@next/swc-win32-arm64-msvc@16.3.1':
    optional: true

  '@next/swc-win32-x64-msvc@16.3.1':
    optional: true

  '@noble/ciphers@2.3.0': {}

  '@noble/hashes@1.4.0': {}

  '@noble/hashes@2.3.0': {}

  '@opentelemetry/semantic-conventions@1.43.0': {}

  '@peculiar/asn1-cms@2.9.3':
    dependencies:
      '@peculiar/asn1-schema': 2.9.3
      '@peculiar/asn1-x509': 2.9.3
      '@peculiar/asn1-x509-attr': 2.9.3
      asn1js: 3.0.10
      tslib: 2.8.1

  '@peculiar/asn1-csr@2.9.3':
    dependencies:
      '@peculiar/asn1-schema': 2.9.3
      '@peculiar/asn1-x509': 2.9.3
      asn1js: 3.0.10
      tslib: 2.8.1

  '@peculiar/asn1-ecc@2.9.3':
    dependencies:
      '@peculiar/asn1-schema': 2.9.3
      '@peculiar/asn1-x509': 2.9.3
      asn1js: 3.0.10
      tslib: 2.8.1

  '@peculiar/asn1-pfx@2.9.3':
    dependencies:
      '@peculiar/asn1-cms': 2.9.3
      '@peculiar/asn1-pkcs8': 2.9.3
      '@peculiar/asn1-rsa': 2.9.3
      '@peculiar/asn1-schema': 2.9.3
      asn1js: 3.0.10
      tslib: 2.8.1

  '@peculiar/asn1-pkcs8@2.9.3':
    dependencies:
      '@peculiar/asn1-schema': 2.9.3
      '@peculiar/asn1-x509': 2.9.3
      asn1js: 3.0.10
      tslib: 2.8.1

  '@peculiar/asn1-pkcs9@2.9.3':
    dependencies:
      '@peculiar/asn1-cms': 2.9.3
      '@peculiar/asn1-pfx': 2.9.3
      '@peculiar/asn1-pkcs8': 2.9.3
      '@peculiar/asn1-schema': 2.9.3
      '@peculiar/asn1-x509': 2.9.3
      '@peculiar/asn1-x509-attr': 2.9.3
      asn1js: 3.0.10
      tslib: 2.8.1

  '@peculiar/asn1-rsa@2.9.3':
    dependencies:
      '@peculiar/asn1-schema': 2.9.3
      '@peculiar/asn1-x509': 2.9.3
      asn1js: 3.0.10
      tslib: 2.8.1

  '@peculiar/asn1-schema@2.9.3':
    dependencies:
      '@peculiar/utils': 2.0.3
      asn1js: 3.0.10
      tslib: 2.8.1

  '@peculiar/asn1-x509-attr@2.9.3':
    dependencies:
      '@peculiar/asn1-schema': 2.9.3
      '@peculiar/asn1-x509': 2.9.3
      asn1js: 3.0.10
      tslib: 2.8.1

  '@peculiar/asn1-x509@2.9.3':
    dependencies:
      '@peculiar/asn1-schema': 2.9.3
      '@peculiar/utils': 2.0.3
      asn1js: 3.0.10
      tslib: 2.8.1

  '@peculiar/utils@2.0.3':
    dependencies:
      tslib: 2.8.1

  '@peculiar/x509@1.14.3':
    dependencies:
      '@peculiar/asn1-cms': 2.9.3
      '@peculiar/asn1-csr': 2.9.3
      '@peculiar/asn1-ecc': 2.9.3
      '@peculiar/asn1-pkcs9': 2.9.3
      '@peculiar/asn1-rsa': 2.9.3
      '@peculiar/asn1-schema': 2.9.3
      '@peculiar/asn1-x509': 2.9.3
      pvtsutils: 1.3.6
      reflect-metadata: 0.2.2
      tslib: 2.8.1
      tsyringe: 4.10.0

  '@playwright/test@1.62.1':
    dependencies:
      playwright: 1.62.1

  '@standard-schema/spec@1.1.0': {}

  '@swc/helpers@0.5.23':
    dependencies:
      tslib: 2.8.1

  '@types/node@24.3.0':
    dependencies:
      undici-types: 7.10.0

  '@types/pg@8.21.0':
    dependencies:
      '@types/node': 24.3.0
      pg-protocol: 1.16.0
      pg-types: 2.2.0

  '@types/react-dom@19.1.7(@types/react@19.1.11)':
    dependencies:
      '@types/react': 19.1.11

  '@types/react@19.1.11':
    dependencies:
      csstype: 3.2.3

  asn1js@3.0.10:
    dependencies:
      pvtsutils: 1.3.6
      pvutils: 1.2.0
      tslib: 2.8.1

  axe-core@4.13.0: {}

  baseline-browser-mapping@2.11.14: {}

  better-auth@1.6.29(next@16.3.1(@playwright/test@1.62.1)(@types/node@24.3.0)(react-dom@19.2.8(react@19.2.8))(react@19.2.8))(pg@8.23.0)(react-dom@19.2.8(react@19.2.8))(react@19.2.8):
    dependencies:
      '@better-auth/core': 1.6.29(@better-auth/utils@0.4.2)(@better-fetch/fetch@1.3.1)(better-call@1.4.0(zod@4.4.3))(jose@6.2.8)(kysely@0.29.5)(nanostores@1.4.2)
      '@better-auth/drizzle-adapter': 1.6.29(@better-auth/core@1.6.29(@better-auth/utils@0.4.2)(@better-fetch/fetch@1.3.1)(better-call@1.4.0(zod@4.4.3))(jose@6.2.8)(kysely@0.29.5)(nanostores@1.4.2))(@better-auth/utils@0.4.2)
      '@better-auth/kysely-adapter': 1.6.29(@better-auth/core@1.6.29(@better-auth/utils@0.4.2)(@better-fetch/fetch@1.3.1)(better-call@1.4.0(zod@4.4.3))(jose@6.2.8)(kysely@0.29.5)(nanostores@1.4.2))(@better-auth/utils@0.4.2)(kysely@0.29.5)
      '@better-auth/memory-adapter': 1.6.29(@better-auth/core@1.6.29(@better-auth/utils@0.4.2)(@better-fetch/fetch@1.3.1)(better-call@1.4.0(zod@4.4.3))(jose@6.2.8)(kysely@0.29.5)(nanostores@1.4.2))(@better-auth/utils@0.4.2)
      '@better-auth/mongo-adapter': 1.6.29(@better-auth/core@1.6.29(@better-auth/utils@0.4.2)(@better-fetch/fetch@1.3.1)(better-call@1.4.0(zod@4.4.3))(jose@6.2.8)(kysely@0.29.5)(nanostores@1.4.2))(@better-auth/utils@0.4.2)
      '@better-auth/prisma-adapter': 1.6.29(@better-auth/core@1.6.29(@better-auth/utils@0.4.2)(@better-fetch/fetch@1.3.1)(better-call@1.4.0(zod@4.4.3))(jose@6.2.8)(kysely@0.29.5)(nanostores@1.4.2))(@better-auth/utils@0.4.2)
      '@better-auth/telemetry': 1.6.29(@better-auth/core@1.6.29(@better-auth/utils@0.4.2)(@better-fetch/fetch@1.3.1)(better-call@1.4.0(zod@4.4.3))(jose@6.2.8)(kysely@0.29.5)(nanostores@1.4.2))(@better-auth/utils@0.4.2)(@better-fetch/fetch@1.3.1)
      '@better-auth/utils': 0.4.2
      '@better-fetch/fetch': 1.3.1
      '@noble/ciphers': 2.3.0
      '@noble/hashes': 2.3.0
      better-call: 1.4.0(zod@4.4.3)
      defu: 6.1.7
      jose: 6.2.8
      kysely: 0.29.5
      nanostores: 1.4.2
      zod: 4.4.3
    optionalDependencies:
      next: 16.3.1(@playwright/test@1.62.1)(@types/node@24.3.0)(react-dom@19.2.8(react@19.2.8))(react@19.2.8)
      pg: 8.23.0
      react: 19.2.8
      react-dom: 19.2.8(react@19.2.8)
    transitivePeerDependencies:
      - '@cloudflare/workers-types'
      - '@opentelemetry/api'

  better-call@1.4.0(zod@4.4.3):
    dependencies:
      '@better-auth/utils': 0.5.0
      '@better-fetch/fetch': 1.3.1
      rou3: 0.9.2
      set-cookie-parser: 3.1.2
    optionalDependencies:
      zod: 4.4.3

  bytestreamjs@2.0.1: {}

  caniuse-lite@1.0.30001809: {}

  client-only@0.0.1: {}

  csstype@3.2.3: {}

  defu@6.1.7: {}

  detect-libc@2.1.2:
    optional: true

  fsevents@2.3.2:
    optional: true

  jose@6.2.8: {}

  kysely@0.29.5: {}

  nanoid@3.3.18: {}

  nanostores@1.4.2: {}

  next@16.3.1(@playwright/test@1.62.1)(@types/node@24.3.0)(react-dom@19.2.8(react@19.2.8))(react@19.2.8):
    dependencies:
      '@next/env': 16.3.1
      '@swc/helpers': 0.5.23
      baseline-browser-mapping: 2.11.14
      caniuse-lite: 1.0.30001809
      postcss: 8.5.23
      react: 19.2.8
      react-dom: 19.2.8(react@19.2.8)
      styled-jsx: 5.1.6(react@19.2.8)
    optionalDependencies:
      '@next/swc-darwin-arm64': 16.3.1
      '@next/swc-darwin-x64': 16.3.1
      '@next/swc-linux-arm64-gnu': 16.3.1
      '@next/swc-linux-arm64-musl': 16.3.1
      '@next/swc-linux-x64-gnu': 16.3.1
      '@next/swc-linux-x64-musl': 16.3.1
      '@next/swc-win32-arm64-msvc': 16.3.1
      '@next/swc-win32-x64-msvc': 16.3.1
      '@playwright/test': 1.62.1
      sharp: 0.35.3(@types/node@24.3.0)
    transitivePeerDependencies:
      - '@babel/core'
      - '@types/node'
      - babel-plugin-macros

  pg-cloudflare@1.4.0:
    optional: true

  pg-connection-string@2.14.0: {}

  pg-int8@1.0.1: {}

  pg-pool@3.14.0(pg@8.23.0):
    dependencies:
      pg: 8.23.0

  pg-protocol@1.16.0: {}

  pg-types@2.2.0:
    dependencies:
      pg-int8: 1.0.1
      postgres-array: 2.0.0
      postgres-bytea: 1.0.1
      postgres-date: 1.0.7
      postgres-interval: 1.2.0

  pg@8.23.0:
    dependencies:
      pg-connection-string: 2.14.0
      pg-pool: 3.14.0(pg@8.23.0)
      pg-protocol: 1.16.0
      pg-types: 2.2.0
      pgpass: 1.0.5
    optionalDependencies:
      pg-cloudflare: 1.4.0

  pgpass@1.0.5:
    dependencies:
      split2: 4.2.0

  picocolors@1.1.1: {}

  pkijs@3.4.0:
    dependencies:
      '@noble/hashes': 1.4.0
      asn1js: 3.0.10
      bytestreamjs: 2.0.1
      pvtsutils: 1.3.6
      pvutils: 1.2.0
      tslib: 2.8.1

  playwright-core@1.62.1: {}

  playwright@1.62.1:
    dependencies:
      playwright-core: 1.62.1
    optionalDependencies:
      fsevents: 2.3.2

  postcss@8.5.23:
    dependencies:
      nanoid: 3.3.18
      picocolors: 1.1.1
      source-map-js: 1.2.1

  postgres-array@2.0.0: {}

  postgres-bytea@1.0.1: {}

  postgres-date@1.0.7: {}

  postgres-interval@1.2.0:
    dependencies:
      xtend: 4.0.2

  pvtsutils@1.3.6:
    dependencies:
      tslib: 2.8.1

  pvutils@1.2.0: {}

  react-dom@19.2.8(react@19.2.8):
    dependencies:
      react: 19.2.8
      scheduler: 0.27.0

  react@19.2.8: {}

  reflect-metadata@0.2.2: {}

  rou3@0.9.2: {}

  scheduler@0.27.0: {}

  selfsigned@5.5.0:
    dependencies:
      '@peculiar/x509': 1.14.3
      pkijs: 3.4.0

  semver@7.8.5:
    optional: true

  server-only@0.0.1: {}

  set-cookie-parser@3.1.2: {}

  sharp@0.35.3(@types/node@24.3.0):
    dependencies:
      '@img/colour': 1.1.0
      detect-libc: 2.1.2
      semver: 7.8.5
    optionalDependencies:
      '@img/sharp-darwin-arm64': 0.35.3
      '@img/sharp-darwin-x64': 0.35.3
      '@img/sharp-freebsd-wasm32': 0.35.3
      '@img/sharp-libvips-darwin-arm64': 1.3.2
      '@img/sharp-libvips-darwin-x64': 1.3.2
      '@img/sharp-libvips-linux-arm': 1.3.2
      '@img/sharp-libvips-linux-arm64': 1.3.2
      '@img/sharp-libvips-linux-ppc64': 1.3.2
      '@img/sharp-libvips-linux-riscv64': 1.3.2
      '@img/sharp-libvips-linux-s390x': 1.3.2
      '@img/sharp-libvips-linux-x64': 1.3.2
      '@img/sharp-libvips-linuxmusl-arm64': 1.3.2
      '@img/sharp-libvips-linuxmusl-x64': 1.3.2
      '@img/sharp-linux-arm': 0.35.3
      '@img/sharp-linux-arm64': 0.35.3
      '@img/sharp-linux-ppc64': 0.35.3
      '@img/sharp-linux-riscv64': 0.35.3
      '@img/sharp-linux-s390x': 0.35.3
      '@img/sharp-linux-x64': 0.35.3
      '@img/sharp-linuxmusl-arm64': 0.35.3
      '@img/sharp-linuxmusl-x64': 0.35.3
      '@img/sharp-webcontainers-wasm32': 0.35.3
      '@img/sharp-win32-arm64': 0.35.3
      '@img/sharp-win32-ia32': 0.35.3
      '@img/sharp-win32-x64': 0.35.3
      '@types/node': 24.3.0
    optional: true

  source-map-js@1.2.1: {}

  split2@4.2.0: {}

  styled-jsx@5.1.6(react@19.2.8):
    dependencies:
      client-only: 0.0.1
      react: 19.2.8

  tslib@1.14.1: {}

  tslib@2.8.1: {}

  tsyringe@4.10.0:
    dependencies:
      tslib: 1.14.1

  typescript@5.9.2: {}

  undici-types@7.10.0: {}

  xtend@4.0.2: {}

  zod@4.4.3: {}
